
Microsoft Visual Studio Solution File, Format Version 12.00
# Visual Studio Version 16
VisualStudioVersion = 16.0.29306.81
MinimumVisualStudioVersion = 10.0.40219.1
Project("{FAE04EC0-301F-11D3-BF4B-00C04F79EFBC}") = "MegaDesk-Hatch", "MegaDesk-Hatch\MegaDesk-Hatch.csproj", "{3BEA6C9A-2F3B-4B4C-91FE-89720C6A3D78}"
EndProject
Global
	GlobalSection(SolutionConfigurationPlatforms) = preSolution
		Debug|Any CPU = Debug|Any CPU
		Release|Any CPU = Release|Any CPU
	EndGlobalSection
	GlobalSection(ProjectConfigurationPlatforms) = postSolution
		{3BEA6C9A-2F3B-4B4C-91FE-89720C6A3D78}.Debug|Any CPU.ActiveCfg = Debug|Any CPU
		{3BEA6C9A-2F3B-4B4C-91FE-89720C6A3D78}.Debug|Any CPU.Build.0 = Debug|Any CPU
		{3BEA6C9A-2F3B-4B4C-91FE-89720C6A3D78}.Release|Any CPU.ActiveCfg = Release|Any CPU
		{3BEA6C9A-2F3B-4B4C-91FE-89720C6A3D78}.Release|Any CPU.Build.0 = Release|Any CPU
	EndGlobalSection
	GlobalSection(SolutionProperties) = preSolution
		HideSolutionNode = FALSE
	EndGlobalSection
	GlobalSection(ExtensibilityGlobals) = postSolution
		SolutionGuid = {FF5610F1-7347-4CE2-94E9-62145581B74E}
	EndGlobalSection
EndGlobal
